{
  "name": "shared",
  "version": "0.0.1",
  "lockfileVersion": 3,
  "requires": true,
  "packages": {
    "": {
      "name": "shared",
      "version": "0.0.1",
      "dependencies": {
        "lzma": "^2.3.2",
        "tslib": "^2.3.0"
      },
      "peerDependencies": {
        "@angular/common": "^17.0.0",
        "@angular/core": "^17.0.0"
      }
    },
    "node_modules/@angular/common": {
      "version": "17.0.4",
      "resolved": "https://registry.npmjs.org/@angular/common/-/common-17.0.4.tgz",
      "integrity": "sha512-/y38PbuiaWOuOmP5ZELTlJSjZGijc6Nq2XQloT5pKsaH935prxPjyWazwlY6cUnJMQgSRU644/ULosDJec7Zxw==",
      "peer": true,
      "dependencies": {
        "tslib": "^2.3.0"
      },
      "engines": {
        "node": "^18.13.0 || >=20.9.0"
      },
      "peerDependencies": {
        "@angular/core": "17.0.4",
        "rxjs": "^6.5.3 || ^7.4.0"
      }
    },
    "node_modules/@angular/core": {
      "version": "17.0.4",
      "resolved": "https://registry.npmjs.org/@angular/core/-/core-17.0.4.tgz",
      "integrity": "sha512-zk+z5sYPZd87pLxECx27quB5FvSmoi9PjJlcSlaBwwqaGnh/tPJI14u3q1dRY/CoZgP9egEiwc428+DzvOzJew==",
      "peer": true,
      "dependencies": {
        "tslib": "^2.3.0"
      },
      "engines": {
        "node": "^18.13.0 || >=20.9.0"
      },
      "peerDependencies": {
        "rxjs": "^6.5.3 || ^7.4.0",
        "zone.js": "~0.14.0"
      }
    },
    "node_modules/lzma": {
      "version": "2.3.2",
      "resolved": "https://registry.npmjs.org/lzma/-/lzma-2.3.2.tgz",
      "integrity": "sha512-DcfiawQ1avYbW+hsILhF38IKAlnguc/fjHrychs9hdxe4qLykvhT5VTGNs5YRWgaNePh7NTxGD4uv4gKsRomCQ==",
      "bin": {
        "lzma.js": "bin/lzma.js"
      }
    },
    "node_modules/rxjs": {
      "version": "7.8.1",
      "resolved": "https://registry.npmjs.org/rxjs/-/rxjs-7.8.1.tgz",
      "integrity": "sha512-AA3TVj+0A2iuIoQkWEK/tqFjBq2j+6PO6Y0zJcvzLAFhEFIO3HL0vls9hWLncZbAAbK0mar7oZ4V079I/qPMxg==",
      "peer": true,
      "dependencies": {
        "tslib": "^2.1.0"
      }
    },
    "node_modules/tslib": {
      "version": "2.6.2",
      "resolved": "https://registry.npmjs.org/tslib/-/tslib-2.6.2.tgz",
      "integrity": "sha512-AEYxH93jGFPn/a2iVAwW87VuUIkR1FVUKB77NwMF7nBTDkDrrT/Hpt/IrCJ0QXhW27jTBDcf5ZY7w6RiqTMw2Q=="
    },
    "node_modules/zone.js": {
      "version": "0.14.2",
      "resolved": "https://registry.npmjs.org/zone.js/-/zone.js-0.14.2.tgz",
      "integrity": "sha512-X4U7J1isDhoOmHmFWiLhloWc2lzMkdnumtfQ1LXzf/IOZp5NQYuMUTaviVzG/q1ugMBIXzin2AqeVJUoSEkNyQ==",
      "peer": true,
      "dependencies": {
        "tslib": "^2.3.0"
      }
    }
  }
}
